// !$*UTF8*$!
{
	archiveVersion = 1;
	classes = {
	};
	objectVersion = 50;
	objects = {

/* Begin PBXBuildFile section */
		6E21C0CB25F2C706006A395E /* AccountType.swift in Sources */ = {isa = PBXBuildFile; fileRef = 6E21C0CA25F2C706006A395E /* AccountType.swift */; };
		6E21C0CE25F2E625006A395E /* NoteView.swift in Sources */ = {isa = PBXBuildFile; fileRef = 6E21C0CD25F2E625006A395E /* NoteView.swift */; };
		6E21C0D125F2E81B006A395E /* CardView.swift in Sources */ = {isa = PBXBuildFile; fileRef = 6E21C0D025F2E81B006A395E /* CardView.swift */; };
		6E21C0D425F2E831006A395E /* PasswordView.swift in Sources */ = {isa = PBXBuildFile; fileRef = 6E21C0D325F2E831006A395E /* PasswordView.swift */; };
		6E66840925EFEE67000C5B38 /* NoteModel.swift in Sources */ = {isa = PBXBuildFile; fileRef = 6E66840825EFEE67000C5B38 /* NoteModel.swift */; };
		6E66840C25EFF0A7000C5B38 /* CardModel.swift in Sources */ = {isa = PBXBuildFile; fileRef = 6E66840B25EFF0A7000C5B38 /* CardModel.swift */; };
		6E7F031625F0135D00A3822C /* CardDetailsView.swift in Sources */ = {isa = PBXBuildFile; fileRef = 6E7F031525F0135D00A3822C /* CardDetailsView.swift */; };
		6E9AB55A25E7D95400DC88FF /* PassMasterApp.swift in Sources */ = {isa = PBXBuildFile; fileRef = 6E9AB55925E7D95400DC88FF /* PassMasterApp.swift */; };
		6E9AB55C25E7D95400DC88FF /* ContentView.swift in Sources */ = {isa = PBXBuildFile; fileRef = 6E9AB55B25E7D95400DC88FF /* ContentView.swift */; };
		6E9AB55E25E7D95700DC88FF /* Assets.xcassets in Resources */ = {isa = PBXBuildFile; fileRef = 6E9AB55D25E7D95700DC88FF /* Assets.xcassets */; };
		6E9AB56125E7D95700DC88FF /* Preview Assets.xcassets in Resources */ = {isa = PBXBuildFile; fileRef = 6E9AB56025E7D95700DC88FF /* Preview Assets.xcassets */; };
		6EA4999A25F00B83006D7FC6 /* DetailsViewModel.swift in Sources */ = {isa = PBXBuildFile; fileRef = 6EA4999925F00B83006D7FC6 /* DetailsViewModel.swift */; };
		6EA5D75025EABB33009E00A6 /* SelectionView.swift in Sources */ = {isa = PBXBuildFile; fileRef = 6EA5D74F25EABB33009E00A6 /* SelectionView.swift */; };
		6EA5D75325EAD87B009E00A6 /* CreationView.swift in Sources */ = {isa = PBXBuildFile; fileRef = 6EA5D75225EAD87B009E00A6 /* CreationView.swift */; };
		6ED00F6925F027B500892340 /* NoteDetailsView.swift in Sources */ = {isa = PBXBuildFile; fileRef = 6ED00F6825F027B500892340 /* NoteDetailsView.swift */; };
		6EF147EC25E7FA51005A21F8 /* PasswordModel.swift in Sources */ = {isa = PBXBuildFile; fileRef = 6EF147EB25E7FA51005A21F8 /* PasswordModel.swift */; };
		6EF147F025E81F9A005A21F8 /* AccountProcessor.swift in Sources */ = {isa = PBXBuildFile; fileRef = 6EF147EF25E81F9A005A21F8 /* AccountProcessor.swift */; };
		6EF1481025EAA183005A21F8 /* PasswordDetailsView.swift in Sources */ = {isa = PBXBuildFile; fileRef = 6EF1480F25EAA183005A21F8 /* PasswordDetailsView.swift */; };
/* End PBXBuildFile section */

/* Begin PBXFileReference section */
		6E21C0CA25F2C706006A395E /* AccountType.swift */ = {isa = PBXFileReference; lastKnownFileType = sourcecode.swift; path = AccountType.swift; sourceTree = "<group>"; };
		6E21C0CD25F2E625006A395E /* NoteView.swift */ = {isa = PBXFileReference; lastKnownFileType = sourcecode.swift; path = NoteView.swift; sourceTree = "<group>"; };
		6E21C0D025F2E81B006A395E /* CardView.swift */ = {isa = PBXFileReference; lastKnownFileType = sourcecode.swift; path = CardView.swift; sourceTree = "<group>"; };
		6E21C0D325F2E831006A395E /* PasswordView.swift */ = {isa = PBXFileReference; lastKnownFileType = sourcecode.swift; path = PasswordView.swift; sourceTree = "<group>"; };
		6E66840825EFEE67000C5B38 /* NoteModel.swift */ = {isa = PBXFileReference; lastKnownFileType = sourcecode.swift; path = NoteModel.swift; sourceTree = "<group>"; };
		6E66840B25EFF0A7000C5B38 /* CardModel.swift */ = {isa = PBXFileReference; lastKnownFileType = sourcecode.swift; path = CardModel.swift; sourceTree = "<group>"; };
		6E7F031525F0135D00A3822C /* CardDetailsView.swift */ = {isa = PBXFileReference; lastKnownFileType = sourcecode.swift; path = CardDetailsView.swift; sourceTree = "<group>"; };
		6E9AB55625E7D95400DC88FF /* PassMaster.app */ = {isa = PBXFileReference; explicitFileType = wrapper.application; includeInIndex = 0; path = PassMaster.app; sourceTree = BUILT_PRODUCTS_DIR; };
		6E9AB55925E7D95400DC88FF /* PassMasterApp.swift */ = {isa = PBXFileReference; lastKnownFileType = sourcecode.swift; path = PassMasterApp.swift; sourceTree = "<group>"; };
		6E9AB55B25E7D95400DC88FF /* ContentView.swift */ = {isa = PBXFileReference; lastKnownFileType = sourcecode.swift; path = ContentView.swift; sourceTree = "<group>"; };
		6E9AB55D25E7D95700DC88FF /* Assets.xcassets */ = {isa = PBXFileReference; lastKnownFileType = folder.assetcatalog; path = Assets.xcassets; sourceTree = "<group>"; };
		6E9AB56025E7D95700DC88FF /* Preview Assets.xcassets */ = {isa = PBXFileReference; lastKnownFileType = folder.assetcatalog; path = "Preview Assets.xcassets"; sourceTree = "<group>"; };
		6E9AB56225E7D95700DC88FF /* Info.plist */ = {isa = PBXFileReference; lastKnownFileType = text.plist.xml; path = Info.plist; sourceTree = "<group>"; };
		6EA4999925F00B83006D7FC6 /* DetailsViewModel.swift */ = {isa = PBXFileReference; lastKnownFileType = sourcecode.swift; path = DetailsViewModel.swift; sourceTree = "<group>"; };
		6EA5D74F25EABB33009E00A6 /* SelectionView.swift */ = {isa = PBXFileReference; lastKnownFileType = sourcecode.swift; path = SelectionView.swift; sourceTree = "<group>"; };
		6EA5D75225EAD87B009E00A6 /* CreationView.swift */ = {isa = PBXFileReference; lastKnownFileType = sourcecode.swift; path = CreationView.swift; sourceTree = "<group>"; };
		6ED00F6825F027B500892340 /* NoteDetailsView.swift */ = {isa = PBXFileReference; lastKnownFileType = sourcecode.swift; path = NoteDetailsView.swift; sourceTree = "<group>"; };
		6EF147EB25E7FA51005A21F8 /* PasswordModel.swift */ = {isa = PBXFileReference; lastKnownFileType = sourcecode.swift; path = PasswordModel.swift; sourceTree = "<group>"; };
		6EF147EF25E81F9A005A21F8 /* AccountProcessor.swift */ = {isa = PBXFileReference; lastKnownFileType = sourcecode.swift; path = AccountProcessor.swift; sourceTree = "<group>"; };
		6EF1480F25EAA183005A21F8 /* PasswordDetailsView.swift */ = {isa = PBXFileReference; lastKnownFileType = sourcecode.swift; path = PasswordDetailsView.swift; sourceTree = "<group>"; };
/* End PBXFileReference section */

/* Begin PBXFrameworksBuildPhase section */
		6E9AB55325E7D95400DC88FF /* Frameworks */ = {
			isa = PBXFrameworksBuildPhase;
			buildActionMask = 2147483647;
			files = (
			);
			runOnlyForDeploymentPostprocessing = 0;
		};
/* End PBXFrameworksBuildPhase section */

/* Begin PBXGroup section */
		6E9AB54D25E7D95400DC88FF = {
			isa = PBXGroup;
			children = (
				6E9AB55825E7D95400DC88FF /* PassMaster */,
				6E9AB55725E7D95400DC88FF /* Products */,
			);
			sourceTree = "<group>";
		};
		6E9AB55725E7D95400DC88FF /* Products */ = {
			isa = PBXGroup;
			children = (
				6E9AB55625E7D95400DC88FF /* PassMaster.app */,
			);
			name = Products;
			sourceTree = "<group>";
		};
		6E9AB55825E7D95400DC88FF /* PassMaster */ = {
			isa = PBXGroup;
			children = (
				6E9AB55D25E7D95700DC88FF /* Assets.xcassets */,
				6E9AB55B25E7D95400DC88FF /* ContentView.swift */,
				6E9AB56225E7D95700DC88FF /* Info.plist */,
				6EF147E825E7F830005A21F8 /* Models */,
				6E9AB55925E7D95400DC88FF /* PassMasterApp.swift */,
				6E9AB55F25E7D95700DC88FF /* Preview Content */,
				6EF147EE25E81F6B005A21F8 /* Services */,
				6EF147EA25E7F859005A21F8 /* ViewModels */,
				6EF147E925E7F850005A21F8 /* Views */,
			);
			path = PassMaster;
			sourceTree = "<group>";
		};
		6E9AB55F25E7D95700DC88FF /* Preview Content */ = {
			isa = PBXGroup;
			children = (
				6E9AB56025E7D95700DC88FF /* Preview Assets.xcassets */,
			);
			path = "Preview Content";
			sourceTree = "<group>";
		};
		6EF147E825E7F830005A21F8 /* Models */ = {
			isa = PBXGroup;
			children = (
				6EF147EB25E7FA51005A21F8 /* PasswordModel.swift */,
				6E66840825EFEE67000C5B38 /* NoteModel.swift */,
				6E66840B25EFF0A7000C5B38 /* CardModel.swift */,
				6E21C0CA25F2C706006A395E /* AccountType.swift */,
			);
			path = Models;
			sourceTree = "<group>";
		};
		6EF147E925E7F850005A21F8 /* Views */ = {
			isa = PBXGroup;
			children = (
				6EF1480F25EAA183005A21F8 /* PasswordDetailsView.swift */,
				6EA5D74F25EABB33009E00A6 /* SelectionView.swift */,
				6EA5D75225EAD87B009E00A6 /* CreationView.swift */,
				6E7F031525F0135D00A3822C /* CardDetailsView.swift */,
				6ED00F6825F027B500892340 /* NoteDetailsView.swift */,
				6E21C0CD25F2E625006A395E /* NoteView.swift */,
				6E21C0D025F2E81B006A395E /* CardView.swift */,
				6E21C0D325F2E831006A395E /* PasswordView.swift */,
			);
			path = Views;
			sourceTree = "<group>";
		};
		6EF147EA25E7F859005A21F8 /* ViewModels */ = {
			isa = PBXGroup;
			children = (
				6EA4999925F00B83006D7FC6 /* DetailsViewModel.swift */,
			);
			path = ViewModels;
			sourceTree = "<group>";
		};
		6EF147EE25E81F6B005A21F8 /* Services */ = {
			isa = PBXGroup;
			children = (
				6EF147EF25E81F9A005A21F8 /* AccountProcessor.swift */,
			);
			path = Services;
			sourceTree = "<group>";
		};
/* End PBXGroup section */

/* Begin PBXNativeTarget section */
		6E9AB55525E7D95400DC88FF /* PassMaster */ = {
			isa = PBXNativeTarget;
			buildConfigurationList = 6E9AB56525E7D95700DC88FF /* Build configuration list for PBXNativeTarget "PassMaster" */;
			buildPhases = (
				6E9AB55225E7D95400DC88FF /* Sources */,
				6E9AB55325E7D95400DC88FF /* Frameworks */,
				6E9AB55425E7D95400DC88FF /* Resources */,
			);
			buildRules = (
			);
			dependencies = (
			);
			name = PassMaster;
			productName = PassMaster;
			productReference = 6E9AB55625E7D95400DC88FF /* PassMaster.app */;
			productType = "com.apple.product-type.application";
		};
/* End PBXNativeTarget section */

/* Begin PBXProject section */
		6E9AB54E25E7D95400DC88FF /* Project object */ = {
			isa = PBXProject;
			attributes = {
				LastSwiftUpdateCheck = 1240;
				LastUpgradeCheck = 1240;
				TargetAttributes = {
					6E9AB55525E7D95400DC88FF = {
						CreatedOnToolsVersion = 12.4;
					};
				};
			};
			buildConfigurationList = 6E9AB55125E7D95400DC88FF /* Build configuration list for PBXProject "PassMaster" */;
			compatibilityVersion = "Xcode 9.3";
			developmentRegion = en;
			hasScannedForEncodings = 0;
			knownRegions = (
				en,
				Base,
			);
			mainGroup = 6E9AB54D25E7D95400DC88FF;
			productRefGroup = 6E9AB55725E7D95400DC88FF /* Products */;
			projectDirPath = "";
			projectRoot = "";
			targets = (
				6E9AB55525E7D95400DC88FF /* PassMaster */,
			);
		};
/* End PBXProject section */

/* Begin PBXResourcesBuildPhase section */
		6E9AB55425E7D95400DC88FF /* Resources */ = {
			isa = PBXResourcesBuildPhase;
			buildActionMask = 2147483647;
			files = (
				6E9AB56125E7D95700DC88FF /* Preview Assets.xcassets in Resources */,
				6E9AB55E25E7D95700DC88FF /* Assets.xcassets in Resources */,
			);
			runOnlyForDeploymentPostprocessing = 0;
		};
/* End PBXResourcesBuildPhase section */

/* Begin PBXSourcesBuildPhase section */
		6E9AB55225E7D95400DC88FF /* Sources */ = {
			isa = PBXSourcesBuildPhase;
			buildActionMask = 2147483647;
			files = (
				6E9AB55C25E7D95400DC88FF /* ContentView.swift in Sources */,
				6E66840925EFEE67000C5B38 /* NoteModel.swift in Sources */,
				6EF1481025EAA183005A21F8 /* PasswordDetailsView.swift in Sources */,
				6E21C0CB25F2C706006A395E /* AccountType.swift in Sources */,
				6E21C0D125F2E81B006A395E /* CardView.swift in Sources */,
				6ED00F6925F027B500892340 /* NoteDetailsView.swift in Sources */,
				6EF147EC25E7FA51005A21F8 /* PasswordModel.swift in Sources */,
				6EF147F025E81F9A005A21F8 /* AccountProcessor.swift in Sources */,
				6E66840C25EFF0A7000C5B38 /* CardModel.swift in Sources */,
				6EA5D75325EAD87B009E00A6 /* CreationView.swift in Sources */,
				6E7F031625F0135D00A3822C /* CardDetailsView.swift in Sources */,
				6E21C0D425F2E831006A395E /* PasswordView.swift in Sources */,
				6EA4999A25F00B83006D7FC6 /* DetailsViewModel.swift in Sources */,
				6E9AB55A25E7D95400DC88FF /* PassMasterApp.swift in Sources */,
				6E21C0CE25F2E625006A395E /* NoteView.swift in Sources */,
				6EA5D75025EABB33009E00A6 /* SelectionView.swift in Sources */,
			);
			runOnlyForDeploymentPostprocessing = 0;
		};
/* End PBXSourcesBuildPhase section */

/* Begin XCBuildConfiguration section */
		6E9AB56325E7D95700DC88FF /* Debug */ = {
			isa = XCBuildConfiguration;
			buildSettings = {
				ALWAYS_SEARCH_USER_PATHS = NO;
				CLANG_ANALYZER_NONNULL = YES;
				CLANG_ANALYZER_NUMBER_OBJECT_CONVERSION = YES_AGGRESSIVE;
				CLANG_CXX_LANGUAGE_STANDARD = "gnu++14";
				CLANG_CXX_LIBRARY = "libc++";
				CLANG_ENABLE_MODULES = YES;
				CLANG_ENABLE_OBJC_ARC = YES;
				CLANG_ENABLE_OBJC_WEAK = YES;
				CLANG_WARN_BLOCK_CAPTURE_AUTORELEASING = YES;
				CLANG_WARN_BOOL_CONVERSION = YES;
				CLANG_WARN_COMMA = YES;
				CLANG_WARN_CONSTANT_CONVERSION = YES;
				CLANG_WARN_DEPRECATED_OBJC_IMPLEMENTATIONS = YES;
				CLANG_WARN_DIRECT_OBJC_ISA_USAGE = YES_ERROR;
				CLANG_WARN_DOCUMENTATION_COMMENTS = YES;
				CLANG_WARN_EMPTY_BODY = YES;
				CLANG_WARN_ENUM_CONVERSION = YES;
				CLANG_WARN_INFINITE_RECURSION = YES;
				CLANG_WARN_INT_CONVERSION = YES;
				CLANG_WARN_NON_LITERAL_NULL_CONVERSION = YES;
				CLANG_WARN_OBJC_IMPLICIT_RETAIN_SELF = YES;
				CLANG_WARN_OBJC_LITERAL_CONVERSION = YES;
				CLANG_WARN_OBJC_ROOT_CLASS = YES_ERROR;
				CLANG_WARN_QUOTED_INCLUDE_IN_FRAMEWORK_HEADER = YES;
				CLANG_WARN_RANGE_LOOP_ANALYSIS = YES;
				CLANG_WARN_STRICT_PROTOTYPES = YES;
				CLANG_WARN_SUSPICIOUS_MOVE = YES;
				CLANG_WARN_UNGUARDED_AVAILABILITY = YES_AGGRESSIVE;
				CLANG_WARN_UNREACHABLE_CODE = YES;
				CLANG_WARN__DUPLICATE_METHOD_MATCH = YES;
				COPY_PHASE_STRIP = NO;
				DEBUG_INFORMATION_FORMAT = dwarf;
				ENABLE_STRICT_OBJC_MSGSEND = YES;
				ENABLE_TESTABILITY = YES;
				GCC_C_LANGUAGE_STANDARD = gnu11;
				GCC_DYNAMIC_NO_PIC = NO;
				GCC_NO_COMMON_BLOCKS = YES;
				GCC_OPTIMIZATION_LEVEL = 0;
				GCC_PREPROCESSOR_DEFINITIONS = (
					"DEBUG=1",
					"$(inherited)",
				);
				GCC_WARN_64_TO_32_BIT_CONVERSION = YES;
				GCC_WARN_ABOUT_RETURN_TYPE = YES_ERROR;
				GCC_WARN_UNDECLARED_SELECTOR = YES;
				GCC_WARN_UNINITIALIZED_AUTOS = YES_AGGRESSIVE;
				GCC_WARN_UNUSED_FUNCTION = YES;
				GCC_WARN_UNUSED_VARIABLE = YES;
				IPHONEOS_DEPLOYMENT_TARGET = 14.4;
				MTL_ENABLE_DEBUG_INFO = INCLUDE_SOURCE;
				MTL_FAST_MATH = YES;
				ONLY_ACTIVE_ARCH = YES;
				SDKROOT = iphoneos;
				SWIFT_ACTIVE_COMPILATION_CONDITIONS = DEBUG;
				SWIFT_OPTIMIZATION_LEVEL = "-Onone";
			};
			name = Debug;
		};
		6E9AB56425E7D95700DC88FF /* Release */ = {
			isa = XCBuildConfiguration;
			buildSettings = {
				ALWAYS_SEARCH_USER_PATHS = NO;
				CLANG_ANALYZER_NONNULL = YES;
				CLANG_ANALYZER_NUMBER_OBJECT_CONVERSION = YES_AGGRESSIVE;
				CLANG_CXX_LANGUAGE_STANDARD = "gnu++14";
				CLANG_CXX_LIBRARY = "libc++";
				CLANG_ENABLE_MODULES = YES;
				CLANG_ENABLE_OBJC_ARC = YES;
				CLANG_ENABLE_OBJC_WEAK = YES;
				CLANG_WARN_BLOCK_CAPTURE_AUTORELEASING = YES;
				CLANG_WARN_BOOL_CONVERSION = YES;
				CLANG_WARN_COMMA = YES;
				CLANG_WARN_CONSTANT_CONVERSION = YES;
				CLANG_WARN_DEPRECATED_OBJC_IMPLEMENTATIONS = YES;
				CLANG_WARN_DIRECT_OBJC_ISA_USAGE = YES_ERROR;
				CLANG_WARN_DOCUMENTATION_COMMENTS = YES;
				CLANG_WARN_EMPTY_BODY = YES;
				CLANG_WARN_ENUM_CONVERSION = YES;
				CLANG_WARN_INFINITE_RECURSION = YES;
				CLANG_WARN_INT_CONVERSION = YES;
				CLANG_WARN_NON_LITERAL_NULL_CONVERSION = YES;
				CLANG_WARN_OBJC_IMPLICIT_RETAIN_SELF = YES;
				CLANG_WARN_OBJC_LITERAL_CONVERSION = YES;
				CLANG_WARN_OBJC_ROOT_CLASS = YES_ERROR;
				CLANG_WARN_QUOTED_INCLUDE_IN_FRAMEWORK_HEADER = YES;
				CLANG_WARN_RANGE_LOOP_ANALYSIS = YES;
				CLANG_WARN_STRICT_PROTOTYPES = YES;
				CLANG_WARN_SUSPICIOUS_MOVE = YES;
				CLANG_WARN_UNGUARDED_AVAILABILITY = YES_AGGRESSIVE;
				CLANG_WARN_UNREACHABLE_CODE = YES;
				CLANG_WARN__DUPLICATE_METHOD_MATCH = YES;
				COPY_PHASE_STRIP = NO;
				DEBUG_INFORMATION_FORMAT = "dwarf-with-dsym";
				ENABLE_NS_ASSERTIONS = NO;
				ENABLE_STRICT_OBJC_MSGSEND = YES;
				GCC_C_LANGUAGE_STANDARD = gnu11;
				GCC_NO_COMMON_BLOCKS = YES;
				GCC_WARN_64_TO_32_BIT_CONVERSION = YES;
				GCC_WARN_ABOUT_RETURN_TYPE = YES_ERROR;
				GCC_WARN_UNDECLARED_SELECTOR = YES;
				GCC_WARN_UNINITIALIZED_AUTOS = YES_AGGRESSIVE;
				GCC_WARN_UNUSED_FUNCTION = YES;
				GCC_WARN_UNUSED_VARIABLE = YES;
				IPHONEOS_DEPLOYMENT_TARGET = 14.4;
				MTL_ENABLE_DEBUG_INFO = NO;
				MTL_FAST_MATH = YES;
				SDKROOT = iphoneos;
				SWIFT_COMPILATION_MODE = wholemodule;
				SWIFT_OPTIMIZATION_LEVEL = "-O";
				VALIDATE_PRODUCT = YES;
			};
			name = Release;
		};
		6E9AB56625E7D95700DC88FF /* Debug */ = {
			isa = XCBuildConfiguration;
			buildSettings = {
				ASSETCATALOG_COMPILER_APPICON_NAME = AppIcon;
				ASSETCATALOG_COMPILER_GLOBAL_ACCENT_COLOR_NAME = AccentColor;
				CODE_SIGN_STYLE = Automatic;
				DEVELOPMENT_ASSET_PATHS = "\"PassMaster/Preview Content\"";
				DEVELOPMENT_TEAM = L4UU7WP4CE;
				ENABLE_PREVIEWS = YES;
				INFOPLIST_FILE = PassMaster/Info.plist;
				IPHONEOS_DEPLOYMENT_TARGET = 14.0;
				LD_RUNPATH_SEARCH_PATHS = (
					"$(inherited)",
					"@executable_path/Frameworks",
				);
				PRODUCT_BUNDLE_IDENTIFIER = com.plus1xp.PassMaster;
				PRODUCT_NAME = "$(TARGET_NAME)";
				SWIFT_VERSION = 5.0;
				TARGETED_DEVICE_FAMILY = "1,2";
			};
			name = Debug;
		};
		6E9AB56725E7D95700DC88FF /* Release */ = {
			isa = XCBuildConfiguration;
			buildSettings = {
				ASSETCATALOG_COMPILER_APPICON_NAME = AppIcon;
				ASSETCATALOG_COMPILER_GLOBAL_ACCENT_COLOR_NAME = AccentColor;
				CODE_SIGN_STYLE = Automatic;
				DEVELOPMENT_ASSET_PATHS = "\"PassMaster/Preview Content\"";
				DEVELOPMENT_TEAM = L4UU7WP4CE;
				ENABLE_PREVIEWS = YES;
				INFOPLIST_FILE = PassMaster/Info.plist;
				IPHONEOS_DEPLOYMENT_TARGET = 14.0;
				LD_RUNPATH_SEARCH_PATHS = (
					"$(inherited)",
					"@executable_path/Frameworks",
				);
				PRODUCT_BUNDLE_IDENTIFIER = com.plus1xp.PassMaster;
				PRODUCT_NAME = "$(TARGET_NAME)";
				SWIFT_VERSION = 5.0;
				TARGETED_DEVICE_FAMILY = "1,2";
			};
			name = Release;
		};
/* End XCBuildConfiguration section */

/* Begin XCConfigurationList section */
		6E9AB55125E7D95400DC88FF /* Build configuration list for PBXProject "PassMaster" */ = {
			isa = XCConfigurationList;
			buildConfigurations = (
				6E9AB56325E7D95700DC88FF /* Debug */,
				6E9AB56425E7D95700DC88FF /* Release */,
			);
			defaultConfigurationIsVisible = 0;
			defaultConfigurationName = Release;
		};
		6E9AB56525E7D95700DC88FF /* Build configuration list for PBXNativeTarget "PassMaster" */ = {
			isa = XCConfigurationList;
			buildConfigurations = (
				6E9AB56625E7D95700DC88FF /* Debug */,
				6E9AB56725E7D95700DC88FF /* Release */,
			);
			defaultConfigurationIsVisible = 0;
			defaultConfigurationName = Release;
		};
/* End XCConfigurationList section */
	};
	rootObject = 6E9AB54E25E7D95400DC88FF /* Project object */;
}
